// !$*UTF8*$!
{
	archiveVersion = 1;
	classes = {
	};
	objectVersion = 56;
	objects = {

/* Begin PBXBuildFile section */
		89280D102C286E4700F2372E /* LocalState.swift in Sources */ = {isa = PBXBuildFile; fileRef = 89280D0F2C286E4700F2372E /* LocalState.swift */; };
		89280D122C286FDA00F2372E /* DummyViewController.swift in Sources */ = {isa = PBXBuildFile; fileRef = 89280D112C286FDA00F2372E /* DummyViewController.swift */; };
		89280D142C28755300F2372E /* UIViewController+utils.swift in Sources */ = {isa = PBXBuildFile; fileRef = 89280D132C28755300F2372E /* UIViewController+utils.swift */; };
		89280D162C2878E400F2372E /* MainViewController.swift in Sources */ = {isa = PBXBuildFile; fileRef = 89280D152C2878E400F2372E /* MainViewController.swift */; };
		89280D192C2889AC00F2372E /* AccountSummaryViewController.swift in Sources */ = {isa = PBXBuildFile; fileRef = 89280D182C2889AC00F2372E /* AccountSummaryViewController.swift */; };
		89280D1B2C288B5E00F2372E /* AccountSummaryHeaderView.swift in Sources */ = {isa = PBXBuildFile; fileRef = 89280D1A2C288B5E00F2372E /* AccountSummaryHeaderView.swift */; };
		89280D1D2C288B7100F2372E /* AccountSummaryHeaderView.xib in Resources */ = {isa = PBXBuildFile; fileRef = 89280D1C2C288B7100F2372E /* AccountSummaryHeaderView.xib */; };
		8973A1462C2D987B008D82FB /* NSNotification.Name.swift in Sources */ = {isa = PBXBuildFile; fileRef = 8973A1452C2D987B008D82FB /* NSNotification.Name.swift */; };
		8973A1482C2D9C3D008D82FB /* UITextField+SecureToggle.swift in Sources */ = {isa = PBXBuildFile; fileRef = 8973A1472C2D9C3D008D82FB /* UITextField+SecureToggle.swift */; };
		8978E7C12C181EAA007063ED /* OnboardingContainerViewController.swift in Sources */ = {isa = PBXBuildFile; fileRef = 8978E7C02C181EAA007063ED /* OnboardingContainerViewController.swift */; };
		8978E7C32C1873DF007063ED /* OnboardingViewController.swift in Sources */ = {isa = PBXBuildFile; fileRef = 8978E7C22C1873DF007063ED /* OnboardingViewController.swift */; };
		898788B62C05EB4E00FF0BAF /* AppDelegate.swift in Sources */ = {isa = PBXBuildFile; fileRef = 898788B52C05EB4E00FF0BAF /* AppDelegate.swift */; };
		898788BA2C05EB4E00FF0BAF /* LoginViewController.swift in Sources */ = {isa = PBXBuildFile; fileRef = 898788B92C05EB4E00FF0BAF /* LoginViewController.swift */; };
		898788BF2C05EB5400FF0BAF /* Assets.xcassets in Resources */ = {isa = PBXBuildFile; fileRef = 898788BE2C05EB5400FF0BAF /* Assets.xcassets */; };
		898788C22C05EB5400FF0BAF /* LaunchScreen.storyboard in Resources */ = {isa = PBXBuildFile; fileRef = 898788C02C05EB5400FF0BAF /* LaunchScreen.storyboard */; };
		898788CC2C05F2E600FF0BAF /* LoginView.swift in Sources */ = {isa = PBXBuildFile; fileRef = 898788CB2C05F2E600FF0BAF /* LoginView.swift */; };
		89AE5DA12C2BDF9300B5F854 /* AccountSummaryCell.swift in Sources */ = {isa = PBXBuildFile; fileRef = 89AE5DA02C2BDF9300B5F854 /* AccountSummaryCell.swift */; };
		89AE5DA32C2CA52900B5F854 /* DecimalUtils.swift in Sources */ = {isa = PBXBuildFile; fileRef = 89AE5DA22C2CA52900B5F854 /* DecimalUtils.swift */; };
		89AE5DA52C2CA59C00B5F854 /* CurrencyFormattor.swift in Sources */ = {isa = PBXBuildFile; fileRef = 89AE5DA42C2CA59C00B5F854 /* CurrencyFormattor.swift */; };
		89AE5DAD2C2CACF200B5F854 /* BankeyUnitTests.swift in Sources */ = {isa = PBXBuildFile; fileRef = 89AE5DAC2C2CACF200B5F854 /* BankeyUnitTests.swift */; };
/* End PBXBuildFile section */

/* Begin PBXContainerItemProxy section */
		89AE5DAE2C2CACF200B5F854 /* PBXContainerItemProxy */ = {
			isa = PBXContainerItemProxy;
			containerPortal = 898788AA2C05EB4D00FF0BAF /* Project object */;
			proxyType = 1;
			remoteGlobalIDString = 898788B12C05EB4E00FF0BAF;
			remoteInfo = Bankey;
		};
/* End PBXContainerItemProxy section */

/* Begin PBXFileReference section */
		89280D0F2C286E4700F2372E /* LocalState.swift */ = {isa = PBXFileReference; lastKnownFileType = sourcecode.swift; path = LocalState.swift; sourceTree = "<group>"; };
		89280D112C286FDA00F2372E /* DummyViewController.swift */ = {isa = PBXFileReference; lastKnownFileType = sourcecode.swift; path = DummyViewController.swift; sourceTree = "<group>"; };
		89280D132C28755300F2372E /* UIViewController+utils.swift */ = {isa = PBXFileReference; lastKnownFileType = sourcecode.swift; path = "UIViewController+utils.swift"; sourceTree = "<group>"; };
		89280D152C2878E400F2372E /* MainViewController.swift */ = {isa = PBXFileReference; lastKnownFileType = sourcecode.swift; path = MainViewController.swift; sourceTree = "<group>"; };
		89280D182C2889AC00F2372E /* AccountSummaryViewController.swift */ = {isa = PBXFileReference; lastKnownFileType = sourcecode.swift; path = AccountSummaryViewController.swift; sourceTree = "<group>"; };
		89280D1A2C288B5E00F2372E /* AccountSummaryHeaderView.swift */ = {isa = PBXFileReference; lastKnownFileType = sourcecode.swift; path = AccountSummaryHeaderView.swift; sourceTree = "<group>"; };
		89280D1C2C288B7100F2372E /* AccountSummaryHeaderView.xib */ = {isa = PBXFileReference; lastKnownFileType = file.xib; path = AccountSummaryHeaderView.xib; sourceTree = "<group>"; };
		8973A1452C2D987B008D82FB /* NSNotification.Name.swift */ = {isa = PBXFileReference; lastKnownFileType = sourcecode.swift; path = NSNotification.Name.swift; sourceTree = "<group>"; };
		8973A1472C2D9C3D008D82FB /* UITextField+SecureToggle.swift */ = {isa = PBXFileReference; lastKnownFileType = sourcecode.swift; path = "UITextField+SecureToggle.swift"; sourceTree = "<group>"; };
		8978E7C02C181EAA007063ED /* OnboardingContainerViewController.swift */ = {isa = PBXFileReference; lastKnownFileType = sourcecode.swift; path = OnboardingContainerViewController.swift; sourceTree = "<group>"; };
		8978E7C22C1873DF007063ED /* OnboardingViewController.swift */ = {isa = PBXFileReference; lastKnownFileType = sourcecode.swift; path = OnboardingViewController.swift; sourceTree = "<group>"; };
		898788B22C05EB4E00FF0BAF /* Bankey.app */ = {isa = PBXFileReference; explicitFileType = wrapper.application; includeInIndex = 0; path = Bankey.app; sourceTree = BUILT_PRODUCTS_DIR; };
		898788B52C05EB4E00FF0BAF /* AppDelegate.swift */ = {isa = PBXFileReference; lastKnownFileType = sourcecode.swift; path = AppDelegate.swift; sourceTree = "<group>"; };
		898788B92C05EB4E00FF0BAF /* LoginViewController.swift */ = {isa = PBXFileReference; lastKnownFileType = sourcecode.swift; path = LoginViewController.swift; sourceTree = "<group>"; };
		898788BE2C05EB5400FF0BAF /* Assets.xcassets */ = {isa = PBXFileReference; lastKnownFileType = folder.assetcatalog; path = Assets.xcassets; sourceTree = "<group>"; };
		898788C12C05EB5400FF0BAF /* Base */ = {isa = PBXFileReference; lastKnownFileType = file.storyboard; name = Base; path = Base.lproj/LaunchScreen.storyboard; sourceTree = "<group>"; };
		898788C32C05EB5400FF0BAF /* Info.plist */ = {isa = PBXFileReference; lastKnownFileType = text.plist.xml; path = Info.plist; sourceTree = "<group>"; };
		898788CB2C05F2E600FF0BAF /* LoginView.swift */ = {isa = PBXFileReference; lastKnownFileType = sourcecode.swift; path = LoginView.swift; sourceTree = "<group>"; };
		89AE5DA02C2BDF9300B5F854 /* AccountSummaryCell.swift */ = {isa = PBXFileReference; lastKnownFileType = sourcecode.swift; path = AccountSummaryCell.swift; sourceTree = "<group>"; };
		89AE5DA22C2CA52900B5F854 /* DecimalUtils.swift */ = {isa = PBXFileReference; lastKnownFileType = sourcecode.swift; path = DecimalUtils.swift; sourceTree = "<group>"; };
		89AE5DA42C2CA59C00B5F854 /* CurrencyFormattor.swift */ = {isa = PBXFileReference; lastKnownFileType = sourcecode.swift; path = CurrencyFormattor.swift; sourceTree = "<group>"; };
		89AE5DAA2C2CACF200B5F854 /* BankeyUnitTests.xctest */ = {isa = PBXFileReference; explicitFileType = wrapper.cfbundle; includeInIndex = 0; path = BankeyUnitTests.xctest; sourceTree = BUILT_PRODUCTS_DIR; };
		89AE5DAC2C2CACF200B5F854 /* BankeyUnitTests.swift */ = {isa = PBXFileReference; lastKnownFileType = sourcecode.swift; path = BankeyUnitTests.swift; sourceTree = "<group>"; };
/* End PBXFileReference section */

/* Begin PBXFrameworksBuildPhase section */
		898788AF2C05EB4E00FF0BAF /* Frameworks */ = {
			isa = PBXFrameworksBuildPhase;
			buildActionMask = 2147483647;
			files = (
			);
			runOnlyForDeploymentPostprocessing = 0;
		};
		89AE5DA72C2CACF200B5F854 /* Frameworks */ = {
			isa = PBXFrameworksBuildPhase;
			buildActionMask = 2147483647;
			files = (
			);
			runOnlyForDeploymentPostprocessing = 0;
		};
/* End PBXFrameworksBuildPhase section */

/* Begin PBXGroup section */
		89280D0E2C286E2C00F2372E /* Util */ = {
			isa = PBXGroup;
			children = (
				89280D0F2C286E4700F2372E /* LocalState.swift */,
				89280D132C28755300F2372E /* UIViewController+utils.swift */,
				89AE5DA22C2CA52900B5F854 /* DecimalUtils.swift */,
				89AE5DA42C2CA59C00B5F854 /* CurrencyFormattor.swift */,
				8973A1452C2D987B008D82FB /* NSNotification.Name.swift */,
				8973A1472C2D9C3D008D82FB /* UITextField+SecureToggle.swift */,
			);
			path = Util;
			sourceTree = "<group>";
		};
		89280D172C28898800F2372E /* AccountSummary */ = {
			isa = PBXGroup;
			children = (
				89280D182C2889AC00F2372E /* AccountSummaryViewController.swift */,
				89280D1A2C288B5E00F2372E /* AccountSummaryHeaderView.swift */,
				89280D1C2C288B7100F2372E /* AccountSummaryHeaderView.xib */,
			);
			name = AccountSummary;
			sourceTree = "<group>";
		};
		8978E7BF2C181E82007063ED /* Onboarding */ = {
			isa = PBXGroup;
			children = (
				8978E7C02C181EAA007063ED /* OnboardingContainerViewController.swift */,
				8978E7C22C1873DF007063ED /* OnboardingViewController.swift */,
			);
			name = Onboarding;
			sourceTree = "<group>";
		};
		898788A92C05EB4D00FF0BAF = {
			isa = PBXGroup;
			children = (
				898788B42C05EB4E00FF0BAF /* Bankey */,
				89AE5DAB2C2CACF200B5F854 /* BankeyUnitTests */,
				898788B32C05EB4E00FF0BAF /* Products */,
			);
			sourceTree = "<group>";
		};
		898788B32C05EB4E00FF0BAF /* Products */ = {
			isa = PBXGroup;
			children = (
				898788B22C05EB4E00FF0BAF /* Bankey.app */,
				89AE5DAA2C2CACF200B5F854 /* BankeyUnitTests.xctest */,
			);
			name = Products;
			sourceTree = "<group>";
		};
		898788B42C05EB4E00FF0BAF /* Bankey */ = {
			isa = PBXGroup;
			children = (
				89AE5D9F2C2BDF7000B5F854 /* Cells */,
				89280D172C28898800F2372E /* AccountSummary */,
				89280D152C2878E400F2372E /* MainViewController.swift */,
				898788B52C05EB4E00FF0BAF /* AppDelegate.swift */,
				89280D0E2C286E2C00F2372E /* Util */,
				8978E7BF2C181E82007063ED /* Onboarding */,
				898788C92C05F22300FF0BAF /* Files */,
				898788CA2C05F23E00FF0BAF /* Login */,
			);
			path = Bankey;
			sourceTree = "<group>";
		};
		898788C92C05F22300FF0BAF /* Files */ = {
			isa = PBXGroup;
			children = (
				898788BE2C05EB5400FF0BAF /* Assets.xcassets */,
				898788C02C05EB5400FF0BAF /* LaunchScreen.storyboard */,
				898788C32C05EB5400FF0BAF /* Info.plist */,
			);
			name = Files;
			sourceTree = "<group>";
		};
		898788CA2C05F23E00FF0BAF /* Login */ = {
			isa = PBXGroup;
			children = (
				898788B92C05EB4E00FF0BAF /* LoginViewController.swift */,
				898788CB2C05F2E600FF0BAF /* LoginView.swift */,
				89280D112C286FDA00F2372E /* DummyViewController.swift */,
			);
			path = Login;
			sourceTree = "<group>";
		};
		89AE5D9F2C2BDF7000B5F854 /* Cells */ = {
			isa = PBXGroup;
			children = (
				89AE5DA02C2BDF9300B5F854 /* AccountSummaryCell.swift */,
			);
			name = Cells;
			sourceTree = "<group>";
		};
		89AE5DAB2C2CACF200B5F854 /* BankeyUnitTests */ = {
			isa = PBXGroup;
			children = (
				89AE5DAC2C2CACF200B5F854 /* BankeyUnitTests.swift */,
			);
			path = BankeyUnitTests;
			sourceTree = "<group>";
		};
/* End PBXGroup section */

/* Begin PBXNativeTarget section */
		898788B12C05EB4E00FF0BAF /* Bankey */ = {
			isa = PBXNativeTarget;
			buildConfigurationList = 898788C62C05EB5400FF0BAF /* Build configuration list for PBXNativeTarget "Bankey" */;
			buildPhases = (
				898788AE2C05EB4E00FF0BAF /* Sources */,
				898788AF2C05EB4E00FF0BAF /* Frameworks */,
				898788B02C05EB4E00FF0BAF /* Resources */,
			);
			buildRules = (
			);
			dependencies = (
			);
			name = Bankey;
			productName = Bankey;
			productReference = 898788B22C05EB4E00FF0BAF /* Bankey.app */;
			productType = "com.apple.product-type.application";
		};
		89AE5DA92C2CACF200B5F854 /* BankeyUnitTests */ = {
			isa = PBXNativeTarget;
			buildConfigurationList = 89AE5DB02C2CACF200B5F854 /* Build configuration list for PBXNativeTarget "BankeyUnitTests" */;
			buildPhases = (
				89AE5DA62C2CACF200B5F854 /* Sources */,
				89AE5DA72C2CACF200B5F854 /* Frameworks */,
				89AE5DA82C2CACF200B5F854 /* Resources */,
			);
			buildRules = (
			);
			dependencies = (
				89AE5DAF2C2CACF200B5F854 /* PBXTargetDependency */,
			);
			name = BankeyUnitTests;
			productName = BankeyUnitTests;
			productReference = 89AE5DAA2C2CACF200B5F854 /* BankeyUnitTests.xctest */;
			productType = "com.apple.product-type.bundle.unit-test";
		};
/* End PBXNativeTarget section */

/* Begin PBXProject section */
		898788AA2C05EB4D00FF0BAF /* Project object */ = {
			isa = PBXProject;
			attributes = {
				BuildIndependentTargetsInParallel = 1;
				LastSwiftUpdateCheck = 1420;
				LastUpgradeCheck = 1420;
				TargetAttributes = {
					898788B12C05EB4E00FF0BAF = {
						CreatedOnToolsVersion = 14.2;
					};
					89AE5DA92C2CACF200B5F854 = {
						CreatedOnToolsVersion = 14.2;
						TestTargetID = 898788B12C05EB4E00FF0BAF;
					};
				};
			};
			buildConfigurationList = 898788AD2C05EB4D00FF0BAF /* Build configuration list for PBXProject "Bankey" */;
			compatibilityVersion = "Xcode 14.0";
			developmentRegion = en;
			hasScannedForEncodings = 0;
			knownRegions = (
				en,
				Base,
			);
			mainGroup = 898788A92C05EB4D00FF0BAF;
			productRefGroup = 898788B32C05EB4E00FF0BAF /* Products */;
			projectDirPath = "";
			projectRoot = "";
			targets = (
				898788B12C05EB4E00FF0BAF /* Bankey */,
				89AE5DA92C2CACF200B5F854 /* BankeyUnitTests */,
			);
		};
/* End PBXProject section */

/* Begin PBXResourcesBuildPhase section */
		898788B02C05EB4E00FF0BAF /* Resources */ = {
			isa = PBXResourcesBuildPhase;
			buildActionMask = 2147483647;
			files = (
				89280D1D2C288B7100F2372E /* AccountSummaryHeaderView.xib in Resources */,
				898788C22C05EB5400FF0BAF /* LaunchScreen.storyboard in Resources */,
				898788BF2C05EB5400FF0BAF /* Assets.xcassets in Resources */,
			);
			runOnlyForDeploymentPostprocessing = 0;
		};
		89AE5DA82C2CACF200B5F854 /* Resources */ = {
			isa = PBXResourcesBuildPhase;
			buildActionMask = 2147483647;
			files = (
			);
			runOnlyForDeploymentPostprocessing = 0;
		};
/* End PBXResourcesBuildPhase section */

/* Begin PBXSourcesBuildPhase section */
		898788AE2C05EB4E00FF0BAF /* Sources */ = {
			isa = PBXSourcesBuildPhase;
			buildActionMask = 2147483647;
			files = (
				89280D142C28755300F2372E /* UIViewController+utils.swift in Sources */,
				89AE5DA52C2CA59C00B5F854 /* CurrencyFormattor.swift in Sources */,
				89280D122C286FDA00F2372E /* DummyViewController.swift in Sources */,
				898788CC2C05F2E600FF0BAF /* LoginView.swift in Sources */,
				8973A1482C2D9C3D008D82FB /* UITextField+SecureToggle.swift in Sources */,
				89280D1B2C288B5E00F2372E /* AccountSummaryHeaderView.swift in Sources */,
				89280D102C286E4700F2372E /* LocalState.swift in Sources */,
				89AE5DA32C2CA52900B5F854 /* DecimalUtils.swift in Sources */,
				898788BA2C05EB4E00FF0BAF /* LoginViewController.swift in Sources */,
				89AE5DA12C2BDF9300B5F854 /* AccountSummaryCell.swift in Sources */,
				8978E7C32C1873DF007063ED /* OnboardingViewController.swift in Sources */,
				89280D162C2878E400F2372E /* MainViewController.swift in Sources */,
				89280D192C2889AC00F2372E /* AccountSummaryViewController.swift in Sources */,
				898788B62C05EB4E00FF0BAF /* AppDelegate.swift in Sources */,
				8973A1462C2D987B008D82FB /* NSNotification.Name.swift in Sources */,
				8978E7C12C181EAA007063ED /* OnboardingContainerViewController.swift in Sources */,
			);
			runOnlyForDeploymentPostprocessing = 0;
		};
		89AE5DA62C2CACF200B5F854 /* Sources */ = {
			isa = PBXSourcesBuildPhase;
			buildActionMask = 2147483647;
			files = (
				89AE5DAD2C2CACF200B5F854 /* BankeyUnitTests.swift in Sources */,
			);
			runOnlyForDeploymentPostprocessing = 0;
		};
/* End PBXSourcesBuildPhase section */

/* Begin PBXTargetDependency section */
		89AE5DAF2C2CACF200B5F854 /* PBXTargetDependency */ = {
			isa = PBXTargetDependency;
			target = 898788B12C05EB4E00FF0BAF /* Bankey */;
			targetProxy = 89AE5DAE2C2CACF200B5F854 /* PBXContainerItemProxy */;
		};
/* End PBXTargetDependency section */

/* Begin PBXVariantGroup section */
		898788C02C05EB5400FF0BAF /* LaunchScreen.storyboard */ = {
			isa = PBXVariantGroup;
			children = (
				898788C12C05EB5400FF0BAF /* Base */,
			);
			name = LaunchScreen.storyboard;
			sourceTree = "<group>";
		};
/* End PBXVariantGroup section */

/* Begin XCBuildConfiguration section */
		898788C42C05EB5400FF0BAF /* Debug */ = {
			isa = XCBuildConfiguration;
			buildSettings = {
				ALWAYS_SEARCH_USER_PATHS = NO;
				CLANG_ANALYZER_NONNULL = YES;
				CLANG_ANALYZER_NUMBER_OBJECT_CONVERSION = YES_AGGRESSIVE;
				CLANG_CXX_LANGUAGE_STANDARD = "gnu++20";
				CLANG_ENABLE_MODULES = YES;
				CLANG_ENABLE_OBJC_ARC = YES;
				CLANG_ENABLE_OBJC_WEAK = YES;
				CLANG_WARN_BLOCK_CAPTURE_AUTORELEASING = YES;
				CLANG_WARN_BOOL_CONVERSION = YES;
				CLANG_WARN_COMMA = YES;
				CLANG_WARN_CONSTANT_CONVERSION = YES;
				CLANG_WARN_DEPRECATED_OBJC_IMPLEMENTATIONS = YES;
				CLANG_WARN_DIRECT_OBJC_ISA_USAGE = YES_ERROR;
				CLANG_WARN_DOCUMENTATION_COMMENTS = YES;
				CLANG_WARN_EMPTY_BODY = YES;
				CLANG_WARN_ENUM_CONVERSION = YES;
				CLANG_WARN_INFINITE_RECURSION = YES;
				CLANG_WARN_INT_CONVERSION = YES;
				CLANG_WARN_NON_LITERAL_NULL_CONVERSION = YES;
				CLANG_WARN_OBJC_IMPLICIT_RETAIN_SELF = YES;
				CLANG_WARN_OBJC_LITERAL_CONVERSION = YES;
				CLANG_WARN_OBJC_ROOT_CLASS = YES_ERROR;
				CLANG_WARN_QUOTED_INCLUDE_IN_FRAMEWORK_HEADER = YES;
				CLANG_WARN_RANGE_LOOP_ANALYSIS = YES;
				CLANG_WARN_STRICT_PROTOTYPES = YES;
				CLANG_WARN_SUSPICIOUS_MOVE = YES;
				CLANG_WARN_UNGUARDED_AVAILABILITY = YES_AGGRESSIVE;
				CLANG_WARN_UNREACHABLE_CODE = YES;
				CLANG_WARN__DUPLICATE_METHOD_MATCH = YES;
				COPY_PHASE_STRIP = NO;
				DEBUG_INFORMATION_FORMAT = dwarf;
				ENABLE_STRICT_OBJC_MSGSEND = YES;
				ENABLE_TESTABILITY = YES;
				GCC_C_LANGUAGE_STANDARD = gnu11;
				GCC_DYNAMIC_NO_PIC = NO;
				GCC_NO_COMMON_BLOCKS = YES;
				GCC_OPTIMIZATION_LEVEL = 0;
				GCC_PREPROCESSOR_DEFINITIONS = (
					"DEBUG=1",
					"$(inherited)",
				);
				GCC_WARN_64_TO_32_BIT_CONVERSION = YES;
				GCC_WARN_ABOUT_RETURN_TYPE = YES_ERROR;
				GCC_WARN_UNDECLARED_SELECTOR = YES;
				GCC_WARN_UNINITIALIZED_AUTOS = YES_AGGRESSIVE;
				GCC_WARN_UNUSED_FUNCTION = YES;
				GCC_WARN_UNUSED_VARIABLE = YES;
				IPHONEOS_DEPLOYMENT_TARGET = 16.2;
				MTL_ENABLE_DEBUG_INFO = INCLUDE_SOURCE;
				MTL_FAST_MATH = YES;
				ONLY_ACTIVE_ARCH = YES;
				SDKROOT = iphoneos;
				SWIFT_ACTIVE_COMPILATION_CONDITIONS = DEBUG;
				SWIFT_OPTIMIZATION_LEVEL = "-Onone";
			};
			name = Debug;
		};
		898788C52C05EB5400FF0BAF /* Release */ = {
			isa = XCBuildConfiguration;
			buildSettings = {
				ALWAYS_SEARCH_USER_PATHS = NO;
				CLANG_ANALYZER_NONNULL = YES;
				CLANG_ANALYZER_NUMBER_OBJECT_CONVERSION = YES_AGGRESSIVE;
				CLANG_CXX_LANGUAGE_STANDARD = "gnu++20";
				CLANG_ENABLE_MODULES = YES;
				CLANG_ENABLE_OBJC_ARC = YES;
				CLANG_ENABLE_OBJC_WEAK = YES;
				CLANG_WARN_BLOCK_CAPTURE_AUTORELEASING = YES;
				CLANG_WARN_BOOL_CONVERSION = YES;
				CLANG_WARN_COMMA = YES;
				CLANG_WARN_CONSTANT_CONVERSION = YES;
				CLANG_WARN_DEPRECATED_OBJC_IMPLEMENTATIONS = YES;
				CLANG_WARN_DIRECT_OBJC_ISA_USAGE = YES_ERROR;
				CLANG_WARN_DOCUMENTATION_COMMENTS = YES;
				CLANG_WARN_EMPTY_BODY = YES;
				CLANG_WARN_ENUM_CONVERSION = YES;
				CLANG_WARN_INFINITE_RECURSION = YES;
				CLANG_WARN_INT_CONVERSION = YES;
				CLANG_WARN_NON_LITERAL_NULL_CONVERSION = YES;
				CLANG_WARN_OBJC_IMPLICIT_RETAIN_SELF = YES;
				CLANG_WARN_OBJC_LITERAL_CONVERSION = YES;
				CLANG_WARN_OBJC_ROOT_CLASS = YES_ERROR;
				CLANG_WARN_QUOTED_INCLUDE_IN_FRAMEWORK_HEADER = YES;
				CLANG_WARN_RANGE_LOOP_ANALYSIS = YES;
				CLANG_WARN_STRICT_PROTOTYPES = YES;
				CLANG_WARN_SUSPICIOUS_MOVE = YES;
				CLANG_WARN_UNGUARDED_AVAILABILITY = YES_AGGRESSIVE;
				CLANG_WARN_UNREACHABLE_CODE = YES;
				CLANG_WARN__DUPLICATE_METHOD_MATCH = YES;
				COPY_PHASE_STRIP = NO;
				DEBUG_INFORMATION_FORMAT = "dwarf-with-dsym";
				ENABLE_NS_ASSERTIONS = NO;
				ENABLE_STRICT_OBJC_MSGSEND = YES;
				GCC_C_LANGUAGE_STANDARD = gnu11;
				GCC_NO_COMMON_BLOCKS = YES;
				GCC_WARN_64_TO_32_BIT_CONVERSION = YES;
				GCC_WARN_ABOUT_RETURN_TYPE = YES_ERROR;
				GCC_WARN_UNDECLARED_SELECTOR = YES;
				GCC_WARN_UNINITIALIZED_AUTOS = YES_AGGRESSIVE;
				GCC_WARN_UNUSED_FUNCTION = YES;
				GCC_WARN_UNUSED_VARIABLE = YES;
				IPHONEOS_DEPLOYMENT_TARGET = 16.2;
				MTL_ENABLE_DEBUG_INFO = NO;
				MTL_FAST_MATH = YES;
				SDKROOT = iphoneos;
				SWIFT_COMPILATION_MODE = wholemodule;
				SWIFT_OPTIMIZATION_LEVEL = "-O";
				VALIDATE_PRODUCT = YES;
			};
			name = Release;
		};
		898788C72C05EB5400FF0BAF /* Debug */ = {
			isa = XCBuildConfiguration;
			buildSettings = {
				ASSETCATALOG_COMPILER_APPICON_NAME = AppIcon;
				ASSETCATALOG_COMPILER_GLOBAL_ACCENT_COLOR_NAME = AccentColor;
				CODE_SIGN_STYLE = Automatic;
				CURRENT_PROJECT_VERSION = 1;
				GENERATE_INFOPLIST_FILE = YES;
				INFOPLIST_FILE = Bankey/Info.plist;
				INFOPLIST_KEY_UIApplicationSupportsIndirectInputEvents = YES;
				INFOPLIST_KEY_UILaunchStoryboardName = LaunchScreen;
				INFOPLIST_KEY_UISupportedInterfaceOrientations_iPad = "UIInterfaceOrientationPortrait UIInterfaceOrientationPortraitUpsideDown UIInterfaceOrientationLandscapeLeft UIInterfaceOrientationLandscapeRight";
				INFOPLIST_KEY_UISupportedInterfaceOrientations_iPhone = "UIInterfaceOrientationPortrait UIInterfaceOrientationLandscapeLeft UIInterfaceOrientationLandscapeRight";
				LD_RUNPATH_SEARCH_PATHS = (
					"$(inherited)",
					"@executable_path/Frameworks",
				);
				MARKETING_VERSION = 1.0;
				PRODUCT_BUNDLE_IDENTIFIER = com..Bankey;
				PRODUCT_NAME = "$(TARGET_NAME)";
				SWIFT_EMIT_LOC_STRINGS = YES;
				SWIFT_VERSION = 5.0;
				TARGETED_DEVICE_FAMILY = "1,2";
			};
			name = Debug;
		};
		898788C82C05EB5400FF0BAF /* Release */ = {
			isa = XCBuildConfiguration;
			buildSettings = {
				ASSETCATALOG_COMPILER_APPICON_NAME = AppIcon;
				ASSETCATALOG_COMPILER_GLOBAL_ACCENT_COLOR_NAME = AccentColor;
				CODE_SIGN_STYLE = Automatic;
				CURRENT_PROJECT_VERSION = 1;
				GENERATE_INFOPLIST_FILE = YES;
				INFOPLIST_FILE = Bankey/Info.plist;
				INFOPLIST_KEY_UIApplicationSupportsIndirectInputEvents = YES;
				INFOPLIST_KEY_UILaunchStoryboardName = LaunchScreen;
				INFOPLIST_KEY_UISupportedInterfaceOrientations_iPad = "UIInterfaceOrientationPortrait UIInterfaceOrientationPortraitUpsideDown UIInterfaceOrientationLandscapeLeft UIInterfaceOrientationLandscapeRight";
				INFOPLIST_KEY_UISupportedInterfaceOrientations_iPhone = "UIInterfaceOrientationPortrait UIInterfaceOrientationLandscapeLeft UIInterfaceOrientationLandscapeRight";
				LD_RUNPATH_SEARCH_PATHS = (
					"$(inherited)",
					"@executable_path/Frameworks",
				);
				MARKETING_VERSION = 1.0;
				PRODUCT_BUNDLE_IDENTIFIER = com..Bankey;
				PRODUCT_NAME = "$(TARGET_NAME)";
				SWIFT_EMIT_LOC_STRINGS = YES;
				SWIFT_VERSION = 5.0;
				TARGETED_DEVICE_FAMILY = "1,2";
			};
			name = Release;
		};
		89AE5DB12C2CACF200B5F854 /* Debug */ = {
			isa = XCBuildConfiguration;
			buildSettings = {
				BUNDLE_LOADER = "$(TEST_HOST)";
				CODE_SIGN_STYLE = Automatic;
				CURRENT_PROJECT_VERSION = 1;
				GENERATE_INFOPLIST_FILE = YES;
				MARKETING_VERSION = 1.0;
				PRODUCT_BUNDLE_IDENTIFIER = com..BankeyUnitTests;
				PRODUCT_NAME = "$(TARGET_NAME)";
				SWIFT_EMIT_LOC_STRINGS = NO;
				SWIFT_VERSION = 5.0;
				TARGETED_DEVICE_FAMILY = "1,2";
				TEST_HOST = "$(BUILT_PRODUCTS_DIR)/Bankey.app/$(BUNDLE_EXECUTABLE_FOLDER_PATH)/Bankey";
			};
			name = Debug;
		};
		89AE5DB22C2CACF200B5F854 /* Release */ = {
			isa = XCBuildConfiguration;
			buildSettings = {
				BUNDLE_LOADER = "$(TEST_HOST)";
				CODE_SIGN_STYLE = Automatic;
				CURRENT_PROJECT_VERSION = 1;
				GENERATE_INFOPLIST_FILE = YES;
				MARKETING_VERSION = 1.0;
				PRODUCT_BUNDLE_IDENTIFIER = com..BankeyUnitTests;
				PRODUCT_NAME = "$(TARGET_NAME)";
				SWIFT_EMIT_LOC_STRINGS = NO;
				SWIFT_VERSION = 5.0;
				TARGETED_DEVICE_FAMILY = "1,2";
				TEST_HOST = "$(BUILT_PRODUCTS_DIR)/Bankey.app/$(BUNDLE_EXECUTABLE_FOLDER_PATH)/Bankey";
			};
			name = Release;
		};
/* End XCBuildConfiguration section */

/* Begin XCConfigurationList section */
		898788AD2C05EB4D00FF0BAF /* Build configuration list for PBXProject "Bankey" */ = {
			isa = XCConfigurationList;
			buildConfigurations = (
				898788C42C05EB5400FF0BAF /* Debug */,
				898788C52C05EB5400FF0BAF /* Release */,
			);
			defaultConfigurationIsVisible = 0;
			defaultConfigurationName = Release;
		};
		898788C62C05EB5400FF0BAF /* Build configuration list for PBXNativeTarget "Bankey" */ = {
			isa = XCConfigurationList;
			buildConfigurations = (
				898788C72C05EB5400FF0BAF /* Debug */,
				898788C82C05EB5400FF0BAF /* Release */,
			);
			defaultConfigurationIsVisible = 0;
			defaultConfigurationName = Release;
		};
		89AE5DB02C2CACF200B5F854 /* Build configuration list for PBXNativeTarget "BankeyUnitTests" */ = {
			isa = XCConfigurationList;
			buildConfigurations = (
				89AE5DB12C2CACF200B5F854 /* Debug */,
				89AE5DB22C2CACF200B5F854 /* Release */,
			);
			defaultConfigurationIsVisible = 0;
			defaultConfigurationName = Release;
		};
/* End XCConfigurationList section */
	};
	rootObject = 898788AA2C05EB4D00FF0BAF /* Project object */;
}
